
Microsoft Visual Studio Solution File, Format Version 12.00
# Visual Studio Version 17
VisualStudioVersion = 17.2.32519.379
MinimumVisualStudioVersion = 10.0.40219.1
Project("{FAE04EC0-301F-11D3-BF4B-00C04F79EFBC}") = "bai 13", "bai 13\bai 13.csproj", "{C6E831C8-F4B3-47B4-B99B-EC11D13C9A02}"
EndProject
Global
	GlobalSection(SolutionConfigurationPlatforms) = preSolution
		Debug|Any CPU = Debug|Any CPU
		Release|Any CPU = Release|Any CPU
	EndGlobalSection
	GlobalSection(ProjectConfigurationPlatforms) = postSolution
		{C6E831C8-F4B3-47B4-B99B-EC11D13C9A02}.Debug|Any CPU.ActiveCfg = Debug|Any CPU
		{C6E831C8-F4B3-47B4-B99B-EC11D13C9A02}.Debug|Any CPU.Build.0 = Debug|Any CPU
		{C6E831C8-F4B3-47B4-B99B-EC11D13C9A02}.Release|Any CPU.ActiveCfg = Release|Any CPU
		{C6E831C8-F4B3-47B4-B99B-EC11D13C9A02}.Release|Any CPU.Build.0 = Release|Any CPU
	EndGlobalSection
	GlobalSection(SolutionProperties) = preSolution
		HideSolutionNode = FALSE
	EndGlobalSection
	GlobalSection(ExtensibilityGlobals) = postSolution
		SolutionGuid = {565D13D1-6EB2-4DB0-891A-72A3DE890C9B}
	EndGlobalSection
EndGlobal
