
Microsoft Visual Studio Solution File, Format Version 12.00
# Visual Studio Version 17
VisualStudioVersion = 17.2.32519.379
MinimumVisualStudioVersion = 10.0.40219.1
Project("{FAE04EC0-301F-11D3-BF4B-00C04F79EFBC}") = "de mo vong lap", "de mo vong lap\de mo vong lap.csproj", "{D753D989-55EB-4B27-8FDB-2CC211F14781}"
EndProject
Global
	GlobalSection(SolutionConfigurationPlatforms) = preSolution
		Debug|Any CPU = Debug|Any CPU
		Release|Any CPU = Release|Any CPU
	EndGlobalSection
	GlobalSection(ProjectConfigurationPlatforms) = postSolution
		{D753D989-55EB-4B27-8FDB-2CC211F14781}.Debug|Any CPU.ActiveCfg = Debug|Any CPU
		{D753D989-55EB-4B27-8FDB-2CC211F14781}.Debug|Any CPU.Build.0 = Debug|Any CPU
		{D753D989-55EB-4B27-8FDB-2CC211F14781}.Release|Any CPU.ActiveCfg = Release|Any CPU
		{D753D989-55EB-4B27-8FDB-2CC211F14781}.Release|Any CPU.Build.0 = Release|Any CPU
	EndGlobalSection
	GlobalSection(SolutionProperties) = preSolution
		HideSolutionNode = FALSE
	EndGlobalSection
	GlobalSection(ExtensibilityGlobals) = postSolution
		SolutionGuid = {FD14AA2D-7C2E-4081-9378-DD7AE96A69F5}
	EndGlobalSection
EndGlobal
