
Microsoft Visual Studio Solution File, Format Version 12.00
# Visual Studio Version 17
VisualStudioVersion = 17.2.32519.379
MinimumVisualStudioVersion = 10.0.40219.1
Project("{FAE04EC0-301F-11D3-BF4B-00C04F79EFBC}") = "ConsoleApp3", "ConsoleApp3\ConsoleApp3.csproj", "{64D300EC-04D5-4E6A-8991-9DFD0AD12582}"
EndProject
Global
	GlobalSection(SolutionConfigurationPlatforms) = preSolution
		Debug|Any CPU = Debug|Any CPU
		Release|Any CPU = Release|Any CPU
	EndGlobalSection
	GlobalSection(ProjectConfigurationPlatforms) = postSolution
		{64D300EC-04D5-4E6A-8991-9DFD0AD12582}.Debug|Any CPU.ActiveCfg = Debug|Any CPU
		{64D300EC-04D5-4E6A-8991-9DFD0AD12582}.Debug|Any CPU.Build.0 = Debug|Any CPU
		{64D300EC-04D5-4E6A-8991-9DFD0AD12582}.Release|Any CPU.ActiveCfg = Release|Any CPU
		{64D300EC-04D5-4E6A-8991-9DFD0AD12582}.Release|Any CPU.Build.0 = Release|Any CPU
	EndGlobalSection
	GlobalSection(SolutionProperties) = preSolution
		HideSolutionNode = FALSE
	EndGlobalSection
	GlobalSection(ExtensibilityGlobals) = postSolution
		SolutionGuid = {910DF5B1-2ECF-4048-9404-2696720FA491}
	EndGlobalSection
EndGlobal
