
Microsoft Visual Studio Solution File, Format Version 12.00
# Visual Studio Version 17
VisualStudioVersion = 17.2.32519.379
MinimumVisualStudioVersion = 10.0.40219.1
Project("{F184B08F-C81C-45F6-A57F-5ABD9991F28F}") = "frmo", "frmo\frmo.vbproj", "{8BC54D76-60B3-4BBB-BE5A-0A4A8EAC2330}"
EndProject
Global
	GlobalSection(SolutionConfigurationPlatforms) = preSolution
		Debug|Any CPU = Debug|Any CPU
		Release|Any CPU = Release|Any CPU
	EndGlobalSection
	GlobalSection(ProjectConfigurationPlatforms) = postSolution
		{8BC54D76-60B3-4BBB-BE5A-0A4A8EAC2330}.Debug|Any CPU.ActiveCfg = Debug|Any CPU
		{8BC54D76-60B3-4BBB-BE5A-0A4A8EAC2330}.Debug|Any CPU.Build.0 = Debug|Any CPU
		{8BC54D76-60B3-4BBB-BE5A-0A4A8EAC2330}.Release|Any CPU.ActiveCfg = Release|Any CPU
		{8BC54D76-60B3-4BBB-BE5A-0A4A8EAC2330}.Release|Any CPU.Build.0 = Release|Any CPU
	EndGlobalSection
	GlobalSection(SolutionProperties) = preSolution
		HideSolutionNode = FALSE
	EndGlobalSection
	GlobalSection(ExtensibilityGlobals) = postSolution
		SolutionGuid = {A952B9F0-080B-4078-A393-0A3B05095E0E}
	EndGlobalSection
EndGlobal
