
Microsoft Visual Studio Solution File, Format Version 12.00
# Visual Studio Version 17
VisualStudioVersion = 17.2.32519.379
MinimumVisualStudioVersion = 10.0.40219.1
Project("{FAE04EC0-301F-11D3-BF4B-00C04F79EFBC}") = "student", "student\student.csproj", "{F9292548-E21D-499D-879B-1EF1B2804773}"
EndProject
Global
	GlobalSection(SolutionConfigurationPlatforms) = preSolution
		Debug|Any CPU = Debug|Any CPU
		Release|Any CPU = Release|Any CPU
	EndGlobalSection
	GlobalSection(ProjectConfigurationPlatforms) = postSolution
		{F9292548-E21D-499D-879B-1EF1B2804773}.Debug|Any CPU.ActiveCfg = Debug|Any CPU
		{F9292548-E21D-499D-879B-1EF1B2804773}.Debug|Any CPU.Build.0 = Debug|Any CPU
		{F9292548-E21D-499D-879B-1EF1B2804773}.Release|Any CPU.ActiveCfg = Release|Any CPU
		{F9292548-E21D-499D-879B-1EF1B2804773}.Release|Any CPU.Build.0 = Release|Any CPU
	EndGlobalSection
	GlobalSection(SolutionProperties) = preSolution
		HideSolutionNode = FALSE
	EndGlobalSection
	GlobalSection(ExtensibilityGlobals) = postSolution
		SolutionGuid = {C26D465A-B977-4E76-998C-CF9BD1C6BE13}
	EndGlobalSection
EndGlobal
