
Microsoft Visual Studio Solution File, Format Version 12.00
# Visual Studio Version 17
VisualStudioVersion = 17.2.32505.173
MinimumVisualStudioVersion = 10.0.40219.1
Project("{FAE04EC0-301F-11D3-BF4B-00C04F79EFBC}") = "Hello World 1", "Hello World 1\Hello World 1.csproj", "{03E6D29A-55E4-42F2-8BD4-750DDD06BC95}"
EndProject
Global
	GlobalSection(SolutionConfigurationPlatforms) = preSolution
		Debug|Any CPU = Debug|Any CPU
		Release|Any CPU = Release|Any CPU
	EndGlobalSection
	GlobalSection(ProjectConfigurationPlatforms) = postSolution
		{03E6D29A-55E4-42F2-8BD4-750DDD06BC95}.Debug|Any CPU.ActiveCfg = Debug|Any CPU
		{03E6D29A-55E4-42F2-8BD4-750DDD06BC95}.Debug|Any CPU.Build.0 = Debug|Any CPU
		{03E6D29A-55E4-42F2-8BD4-750DDD06BC95}.Release|Any CPU.ActiveCfg = Release|Any CPU
		{03E6D29A-55E4-42F2-8BD4-750DDD06BC95}.Release|Any CPU.Build.0 = Release|Any CPU
	EndGlobalSection
	GlobalSection(SolutionProperties) = preSolution
		HideSolutionNode = FALSE
	EndGlobalSection
	GlobalSection(ExtensibilityGlobals) = postSolution
		SolutionGuid = {146270CE-DB69-4593-B30E-5F1A0CA783AE}
	EndGlobalSection
EndGlobal
