
Microsoft Visual Studio Solution File, Format Version 12.00
# Visual Studio Version 17
VisualStudioVersion = 17.2.32519.379
MinimumVisualStudioVersion = 10.0.40219.1
Project("{FAE04EC0-301F-11D3-BF4B-00C04F79EFBC}") = "ConsoleApp1", "ConsoleApp1\ConsoleApp1.csproj", "{24210560-E96A-4453-B55F-6F949516B3FE}"
EndProject
Global
	GlobalSection(SolutionConfigurationPlatforms) = preSolution
		Debug|Any CPU = Debug|Any CPU
		Release|Any CPU = Release|Any CPU
	EndGlobalSection
	GlobalSection(ProjectConfigurationPlatforms) = postSolution
		{24210560-E96A-4453-B55F-6F949516B3FE}.Debug|Any CPU.ActiveCfg = Debug|Any CPU
		{24210560-E96A-4453-B55F-6F949516B3FE}.Debug|Any CPU.Build.0 = Debug|Any CPU
		{24210560-E96A-4453-B55F-6F949516B3FE}.Release|Any CPU.ActiveCfg = Release|Any CPU
		{24210560-E96A-4453-B55F-6F949516B3FE}.Release|Any CPU.Build.0 = Release|Any CPU
	EndGlobalSection
	GlobalSection(SolutionProperties) = preSolution
		HideSolutionNode = FALSE
	EndGlobalSection
	GlobalSection(ExtensibilityGlobals) = postSolution
		SolutionGuid = {251AB1F9-55DA-446F-9DCB-1F8781709730}
	EndGlobalSection
EndGlobal
