
Microsoft Visual Studio Solution File, Format Version 12.00
# Visual Studio Version 17
VisualStudioVersion = 17.2.32519.379
MinimumVisualStudioVersion = 10.0.40219.1
Project("{FAE04EC0-301F-11D3-BF4B-00C04F79EFBC}") = "CASIO", "CASIO\CASIO.csproj", "{A9747B95-8B2B-43C1-AC96-E8909557CC0D}"
EndProject
Global
	GlobalSection(SolutionConfigurationPlatforms) = preSolution
		Debug|Any CPU = Debug|Any CPU
		Release|Any CPU = Release|Any CPU
	EndGlobalSection
	GlobalSection(ProjectConfigurationPlatforms) = postSolution
		{A9747B95-8B2B-43C1-AC96-E8909557CC0D}.Debug|Any CPU.ActiveCfg = Debug|Any CPU
		{A9747B95-8B2B-43C1-AC96-E8909557CC0D}.Debug|Any CPU.Build.0 = Debug|Any CPU
		{A9747B95-8B2B-43C1-AC96-E8909557CC0D}.Release|Any CPU.ActiveCfg = Release|Any CPU
		{A9747B95-8B2B-43C1-AC96-E8909557CC0D}.Release|Any CPU.Build.0 = Release|Any CPU
	EndGlobalSection
	GlobalSection(SolutionProperties) = preSolution
		HideSolutionNode = FALSE
	EndGlobalSection
	GlobalSection(ExtensibilityGlobals) = postSolution
		SolutionGuid = {198B4ADA-3755-4FE4-9B9F-8B2DC31662F2}
	EndGlobalSection
EndGlobal
