
Microsoft Visual Studio Solution File, Format Version 12.00
# Visual Studio Version 17
VisualStudioVersion = 17.2.32519.379
MinimumVisualStudioVersion = 10.0.40219.1
Project("{FAE04EC0-301F-11D3-BF4B-00C04F79EFBC}") = "Circle", "Circle\Circle.csproj", "{34415F43-6A06-458E-ADB8-EBED9786828B}"
EndProject
Global
	GlobalSection(SolutionConfigurationPlatforms) = preSolution
		Debug|Any CPU = Debug|Any CPU
		Release|Any CPU = Release|Any CPU
	EndGlobalSection
	GlobalSection(ProjectConfigurationPlatforms) = postSolution
		{34415F43-6A06-458E-ADB8-EBED9786828B}.Debug|Any CPU.ActiveCfg = Debug|Any CPU
		{34415F43-6A06-458E-ADB8-EBED9786828B}.Debug|Any CPU.Build.0 = Debug|Any CPU
		{34415F43-6A06-458E-ADB8-EBED9786828B}.Release|Any CPU.ActiveCfg = Release|Any CPU
		{34415F43-6A06-458E-ADB8-EBED9786828B}.Release|Any CPU.Build.0 = Release|Any CPU
	EndGlobalSection
	GlobalSection(SolutionProperties) = preSolution
		HideSolutionNode = FALSE
	EndGlobalSection
	GlobalSection(ExtensibilityGlobals) = postSolution
		SolutionGuid = {0E656ED8-13E3-4A8C-9AA1-3D34410D7A8F}
	EndGlobalSection
EndGlobal
