
Microsoft Visual Studio Solution File, Format Version 12.00
# Visual Studio Version 17
VisualStudioVersion = 17.2.32519.379
MinimumVisualStudioVersion = 10.0.40219.1
Project("{FAE04EC0-301F-11D3-BF4B-00C04F79EFBC}") = "cogqa", "cogqa\cogqa.csproj", "{3D06D0D6-6C8B-42E1-9E27-CD9BA34FACA3}"
EndProject
Global
	GlobalSection(SolutionConfigurationPlatforms) = preSolution
		Debug|Any CPU = Debug|Any CPU
		Release|Any CPU = Release|Any CPU
	EndGlobalSection
	GlobalSection(ProjectConfigurationPlatforms) = postSolution
		{3D06D0D6-6C8B-42E1-9E27-CD9BA34FACA3}.Debug|Any CPU.ActiveCfg = Debug|Any CPU
		{3D06D0D6-6C8B-42E1-9E27-CD9BA34FACA3}.Debug|Any CPU.Build.0 = Debug|Any CPU
		{3D06D0D6-6C8B-42E1-9E27-CD9BA34FACA3}.Release|Any CPU.ActiveCfg = Release|Any CPU
		{3D06D0D6-6C8B-42E1-9E27-CD9BA34FACA3}.Release|Any CPU.Build.0 = Release|Any CPU
	EndGlobalSection
	GlobalSection(SolutionProperties) = preSolution
		HideSolutionNode = FALSE
	EndGlobalSection
	GlobalSection(ExtensibilityGlobals) = postSolution
		SolutionGuid = {3E385C82-31F6-411B-9EB0-D0D2B06571C2}
	EndGlobalSection
EndGlobal
