
Microsoft Visual Studio Solution File, Format Version 12.00
# Visual Studio Version 17
VisualStudioVersion = 17.2.32519.379
MinimumVisualStudioVersion = 10.0.40219.1
Project("{FAE04EC0-301F-11D3-BF4B-00C04F79EFBC}") = "di tuoi bo phieu", "di tuoi bo phieu\di tuoi bo phieu.csproj", "{2A606015-CE16-403D-8524-1837F0852733}"
EndProject
Global
	GlobalSection(SolutionConfigurationPlatforms) = preSolution
		Debug|Any CPU = Debug|Any CPU
		Release|Any CPU = Release|Any CPU
	EndGlobalSection
	GlobalSection(ProjectConfigurationPlatforms) = postSolution
		{2A606015-CE16-403D-8524-1837F0852733}.Debug|Any CPU.ActiveCfg = Debug|Any CPU
		{2A606015-CE16-403D-8524-1837F0852733}.Debug|Any CPU.Build.0 = Debug|Any CPU
		{2A606015-CE16-403D-8524-1837F0852733}.Release|Any CPU.ActiveCfg = Release|Any CPU
		{2A606015-CE16-403D-8524-1837F0852733}.Release|Any CPU.Build.0 = Release|Any CPU
	EndGlobalSection
	GlobalSection(SolutionProperties) = preSolution
		HideSolutionNode = FALSE
	EndGlobalSection
	GlobalSection(ExtensibilityGlobals) = postSolution
		SolutionGuid = {FFFAB427-B143-44E4-8728-CCDACAFE8C0E}
	EndGlobalSection
EndGlobal
